
Microsoft Visual Studio Solution File, Format Version 12.00
# Visual Studio Version 17
VisualStudioVersion = 17.6.33801.468
MinimumVisualStudioVersion = 10.0.40219.1
Project("{888888A0-9F3D-457C-B088-3A5042F75D52}") = "K.N.M.Dias - 2022MIT011 - 22022233 - Assignment No 2 - MIT 1201", "K.N.M.Dias - 2022MIT011 - 22022233 - Assignment No 2 - MIT 1201.pyproj", "{487C945E-054B-4F0A-9F68-9713F4AA1087}"
EndProject
Global
	GlobalSection(SolutionConfigurationPlatforms) = preSolution
		Debug|Any CPU = Debug|Any CPU
		Release|Any CPU = Release|Any CPU
	EndGlobalSection
	GlobalSection(ProjectConfigurationPlatforms) = postSolution
		{487C945E-054B-4F0A-9F68-9713F4AA1087}.Debug|Any CPU.ActiveCfg = Debug|Any CPU
		{487C945E-054B-4F0A-9F68-9713F4AA1087}.Release|Any CPU.ActiveCfg = Release|Any CPU
	EndGlobalSection
	GlobalSection(SolutionProperties) = preSolution
		HideSolutionNode = FALSE
	EndGlobalSection
	GlobalSection(ExtensibilityGlobals) = postSolution
		SolutionGuid = {30EB94F2-62D1-4723-946C-9E05E9FF9B47}
	EndGlobalSection
EndGlobal
